
Microsoft Visual Studio Solution File, Format Version 12.00
# Visual Studio Version 17
VisualStudioVersion = 17.12.35527.113
MinimumVisualStudioVersion = 10.0.40219.1
Project("{FAE04EC0-301F-11D3-BF4B-00C04F79EFBC}") = "GitNoTeam", "GitNoTeam.csproj", "{C695F878-2AE9-4BA4-814B-005634759662}"
EndProject
Project("{FAE04EC0-301F-11D3-BF4B-00C04F79EFBC}") = "TestUnit", "..\TestUnit\TestUnit.csproj", "{FF80E6C0-F2B7-4DD4-81A3-75C81B6693D6}"
EndProject
Global
	GlobalSection(SolutionConfigurationPlatforms) = preSolution
		Debug|Any CPU = Debug|Any CPU
		Release|Any CPU = Release|Any CPU
	EndGlobalSection
	GlobalSection(ProjectConfigurationPlatforms) = postSolution
		{C695F878-2AE9-4BA4-814B-005634759662}.Debug|Any CPU.ActiveCfg = Debug|Any CPU
		{C695F878-2AE9-4BA4-814B-005634759662}.Debug|Any CPU.Build.0 = Debug|Any CPU
		{C695F878-2AE9-4BA4-814B-005634759662}.Release|Any CPU.ActiveCfg = Release|Any CPU
		{C695F878-2AE9-4BA4-814B-005634759662}.Release|Any CPU.Build.0 = Release|Any CPU
		{FF80E6C0-F2B7-4DD4-81A3-75C81B6693D6}.Debug|Any CPU.ActiveCfg = Debug|Any CPU
		{FF80E6C0-F2B7-4DD4-81A3-75C81B6693D6}.Debug|Any CPU.Build.0 = Debug|Any CPU
		{FF80E6C0-F2B7-4DD4-81A3-75C81B6693D6}.Release|Any CPU.ActiveCfg = Release|Any CPU
		{FF80E6C0-F2B7-4DD4-81A3-75C81B6693D6}.Release|Any CPU.Build.0 = Release|Any CPU
	EndGlobalSection
	GlobalSection(SolutionProperties) = preSolution
		HideSolutionNode = FALSE
	EndGlobalSection
EndGlobal
